
Microsoft Visual Studio Solution File, Format Version 12.00
# Visual Studio Version 17
VisualStudioVersion = 17.0.31919.166
MinimumVisualStudioVersion = 10.0.40219.1
Project("{FAE04EC0-301F-11D3-BF4B-00C04F79EFBC}") = "Proyecto1", "Proyecto1\Proyecto1.csproj", "{C94EE1F0-6A71-48A6-B9B9-33B7793D42CD}"
EndProject
Project("{2150E333-8FDC-42A3-9474-1A3956D46DE8}") = "Clase01", "Clase01", "{3CB28932-2C60-45A6-84D3-9115E397DCFC}"
EndProject
Project("{FAE04EC0-301F-11D3-BF4B-00C04F79EFBC}") = "Ejercicio_01", "Ejercicio_01\Ejercicio_01.csproj", "{6806E0E0-8E91-49C3-A2D6-441429E86F9B}"
EndProject
Project("{FAE04EC0-301F-11D3-BF4B-00C04F79EFBC}") = "Ejercicio_02", "Ejercicio_02\Ejercicio_02.csproj", "{30B7F0B2-0473-4805-BD8F-B773D2EAE77B}"
EndProject
Project("{FAE04EC0-301F-11D3-BF4B-00C04F79EFBC}") = "Ejercicio_03", "Ejercicio_03\Ejercicio_03.csproj", "{EF1691EF-4AD4-4268-A0A7-BB16C21CDD19}"
EndProject
Global
	GlobalSection(SolutionConfigurationPlatforms) = preSolution
		Debug|Any CPU = Debug|Any CPU
		Release|Any CPU = Release|Any CPU
	EndGlobalSection
	GlobalSection(ProjectConfigurationPlatforms) = postSolution
		{C94EE1F0-6A71-48A6-B9B9-33B7793D42CD}.Debug|Any CPU.ActiveCfg = Debug|Any CPU
		{C94EE1F0-6A71-48A6-B9B9-33B7793D42CD}.Debug|Any CPU.Build.0 = Debug|Any CPU
		{C94EE1F0-6A71-48A6-B9B9-33B7793D42CD}.Release|Any CPU.ActiveCfg = Release|Any CPU
		{C94EE1F0-6A71-48A6-B9B9-33B7793D42CD}.Release|Any CPU.Build.0 = Release|Any CPU
		{6806E0E0-8E91-49C3-A2D6-441429E86F9B}.Debug|Any CPU.ActiveCfg = Debug|Any CPU
		{6806E0E0-8E91-49C3-A2D6-441429E86F9B}.Debug|Any CPU.Build.0 = Debug|Any CPU
		{6806E0E0-8E91-49C3-A2D6-441429E86F9B}.Release|Any CPU.ActiveCfg = Release|Any CPU
		{6806E0E0-8E91-49C3-A2D6-441429E86F9B}.Release|Any CPU.Build.0 = Release|Any CPU
		{30B7F0B2-0473-4805-BD8F-B773D2EAE77B}.Debug|Any CPU.ActiveCfg = Debug|Any CPU
		{30B7F0B2-0473-4805-BD8F-B773D2EAE77B}.Debug|Any CPU.Build.0 = Debug|Any CPU
		{30B7F0B2-0473-4805-BD8F-B773D2EAE77B}.Release|Any CPU.ActiveCfg = Release|Any CPU
		{30B7F0B2-0473-4805-BD8F-B773D2EAE77B}.Release|Any CPU.Build.0 = Release|Any CPU
		{EF1691EF-4AD4-4268-A0A7-BB16C21CDD19}.Debug|Any CPU.ActiveCfg = Debug|Any CPU
		{EF1691EF-4AD4-4268-A0A7-BB16C21CDD19}.Debug|Any CPU.Build.0 = Debug|Any CPU
		{EF1691EF-4AD4-4268-A0A7-BB16C21CDD19}.Release|Any CPU.ActiveCfg = Release|Any CPU
		{EF1691EF-4AD4-4268-A0A7-BB16C21CDD19}.Release|Any CPU.Build.0 = Release|Any CPU
	EndGlobalSection
	GlobalSection(SolutionProperties) = preSolution
		HideSolutionNode = FALSE
	EndGlobalSection
	GlobalSection(NestedProjects) = preSolution
		{6806E0E0-8E91-49C3-A2D6-441429E86F9B} = {3CB28932-2C60-45A6-84D3-9115E397DCFC}
		{30B7F0B2-0473-4805-BD8F-B773D2EAE77B} = {3CB28932-2C60-45A6-84D3-9115E397DCFC}
		{EF1691EF-4AD4-4268-A0A7-BB16C21CDD19} = {3CB28932-2C60-45A6-84D3-9115E397DCFC}
	EndGlobalSection
	GlobalSection(ExtensibilityGlobals) = postSolution
		SolutionGuid = {8D5363B8-B65C-46C4-ACF6-F5A344F6E419}
	EndGlobalSection
EndGlobal
