
Microsoft Visual Studio Solution File, Format Version 12.00
# Visual Studio Version 17
VisualStudioVersion = 17.0.31919.166
MinimumVisualStudioVersion = 10.0.40219.1
Project("{FAE04EC0-301F-11D3-BF4B-00C04F79EFBC}") = "Ejercicio01", "EjerciciosResueltos\Ejercicio01.csproj", "{49782483-4569-45C8-A5DC-B996E1AC8EA6}"
EndProject
Project("{2150E333-8FDC-42A3-9474-1A3956D46DE8}") = "Ejerecicios", "Ejerecicios", "{3302B6B7-B681-409C-B907-243996A3F43E}"
EndProject
Project("{2150E333-8FDC-42A3-9474-1A3956D46DE8}") = "Introduccion", "Introduccion", "{66116C17-D5FE-461A-B911-CBC75FBA00E6}"
EndProject
Project("{FAE04EC0-301F-11D3-BF4B-00C04F79EFBC}") = "Ejercicio02", "Ejercicio02\Ejercicio02.csproj", "{A55E8EC8-3D0E-437B-8593-B544898165DD}"
EndProject
Project("{FAE04EC0-301F-11D3-BF4B-00C04F79EFBC}") = "Ejercicio03", "Ejercicio03\Ejercicio03.csproj", "{2194CAD6-6B6A-415F-AD07-06C17E369E4E}"
EndProject
Project("{FAE04EC0-301F-11D3-BF4B-00C04F79EFBC}") = "Ejercicio04", "Ejercicio04\Ejercicio04.csproj", "{0CA02300-5E14-4052-9A39-F4EF54CADE99}"
EndProject
Project("{FAE04EC0-301F-11D3-BF4B-00C04F79EFBC}") = "Ejercicio05", "Ejercicio05\Ejercicio05.csproj", "{72186A8B-6AAD-4EC7-88C7-FF52B89A67B5}"
EndProject
Project("{FAE04EC0-301F-11D3-BF4B-00C04F79EFBC}") = "Ejercicio06", "Ejercicio06\Ejercicio06.csproj", "{248A2D7A-6D2D-4D85-BDA2-B49497C2CC0D}"
EndProject
Project("{FAE04EC0-301F-11D3-BF4B-00C04F79EFBC}") = "Ejercicio07", "Ejercicio07\Ejercicio07.csproj", "{74547908-B54A-4ACA-9D28-4D43F08459A5}"
EndProject
Project("{FAE04EC0-301F-11D3-BF4B-00C04F79EFBC}") = "Ejercicio08", "Ejercicio08\Ejercicio08.csproj", "{86B7B482-E713-4A62-AA77-A6C2DF2883A9}"
EndProject
Project("{FAE04EC0-301F-11D3-BF4B-00C04F79EFBC}") = "Ejercicio09", "Ejercicio09\Ejercicio09.csproj", "{88281D96-6020-4381-97D2-5666DD27EB63}"
EndProject
Global
	GlobalSection(SolutionConfigurationPlatforms) = preSolution
		Debug|Any CPU = Debug|Any CPU
		Release|Any CPU = Release|Any CPU
	EndGlobalSection
	GlobalSection(ProjectConfigurationPlatforms) = postSolution
		{49782483-4569-45C8-A5DC-B996E1AC8EA6}.Debug|Any CPU.ActiveCfg = Debug|Any CPU
		{49782483-4569-45C8-A5DC-B996E1AC8EA6}.Debug|Any CPU.Build.0 = Debug|Any CPU
		{49782483-4569-45C8-A5DC-B996E1AC8EA6}.Release|Any CPU.ActiveCfg = Release|Any CPU
		{49782483-4569-45C8-A5DC-B996E1AC8EA6}.Release|Any CPU.Build.0 = Release|Any CPU
		{A55E8EC8-3D0E-437B-8593-B544898165DD}.Debug|Any CPU.ActiveCfg = Debug|Any CPU
		{A55E8EC8-3D0E-437B-8593-B544898165DD}.Debug|Any CPU.Build.0 = Debug|Any CPU
		{A55E8EC8-3D0E-437B-8593-B544898165DD}.Release|Any CPU.ActiveCfg = Release|Any CPU
		{A55E8EC8-3D0E-437B-8593-B544898165DD}.Release|Any CPU.Build.0 = Release|Any CPU
		{2194CAD6-6B6A-415F-AD07-06C17E369E4E}.Debug|Any CPU.ActiveCfg = Debug|Any CPU
		{2194CAD6-6B6A-415F-AD07-06C17E369E4E}.Debug|Any CPU.Build.0 = Debug|Any CPU
		{2194CAD6-6B6A-415F-AD07-06C17E369E4E}.Release|Any CPU.ActiveCfg = Release|Any CPU
		{2194CAD6-6B6A-415F-AD07-06C17E369E4E}.Release|Any CPU.Build.0 = Release|Any CPU
		{0CA02300-5E14-4052-9A39-F4EF54CADE99}.Debug|Any CPU.ActiveCfg = Debug|Any CPU
		{0CA02300-5E14-4052-9A39-F4EF54CADE99}.Debug|Any CPU.Build.0 = Debug|Any CPU
		{0CA02300-5E14-4052-9A39-F4EF54CADE99}.Release|Any CPU.ActiveCfg = Release|Any CPU
		{0CA02300-5E14-4052-9A39-F4EF54CADE99}.Release|Any CPU.Build.0 = Release|Any CPU
		{72186A8B-6AAD-4EC7-88C7-FF52B89A67B5}.Debug|Any CPU.ActiveCfg = Debug|Any CPU
		{72186A8B-6AAD-4EC7-88C7-FF52B89A67B5}.Debug|Any CPU.Build.0 = Debug|Any CPU
		{72186A8B-6AAD-4EC7-88C7-FF52B89A67B5}.Release|Any CPU.ActiveCfg = Release|Any CPU
		{72186A8B-6AAD-4EC7-88C7-FF52B89A67B5}.Release|Any CPU.Build.0 = Release|Any CPU
		{248A2D7A-6D2D-4D85-BDA2-B49497C2CC0D}.Debug|Any CPU.ActiveCfg = Debug|Any CPU
		{248A2D7A-6D2D-4D85-BDA2-B49497C2CC0D}.Debug|Any CPU.Build.0 = Debug|Any CPU
		{248A2D7A-6D2D-4D85-BDA2-B49497C2CC0D}.Release|Any CPU.ActiveCfg = Release|Any CPU
		{248A2D7A-6D2D-4D85-BDA2-B49497C2CC0D}.Release|Any CPU.Build.0 = Release|Any CPU
		{74547908-B54A-4ACA-9D28-4D43F08459A5}.Debug|Any CPU.ActiveCfg = Debug|Any CPU
		{74547908-B54A-4ACA-9D28-4D43F08459A5}.Debug|Any CPU.Build.0 = Debug|Any CPU
		{74547908-B54A-4ACA-9D28-4D43F08459A5}.Release|Any CPU.ActiveCfg = Release|Any CPU
		{74547908-B54A-4ACA-9D28-4D43F08459A5}.Release|Any CPU.Build.0 = Release|Any CPU
		{86B7B482-E713-4A62-AA77-A6C2DF2883A9}.Debug|Any CPU.ActiveCfg = Debug|Any CPU
		{86B7B482-E713-4A62-AA77-A6C2DF2883A9}.Debug|Any CPU.Build.0 = Debug|Any CPU
		{86B7B482-E713-4A62-AA77-A6C2DF2883A9}.Release|Any CPU.ActiveCfg = Release|Any CPU
		{86B7B482-E713-4A62-AA77-A6C2DF2883A9}.Release|Any CPU.Build.0 = Release|Any CPU
		{88281D96-6020-4381-97D2-5666DD27EB63}.Debug|Any CPU.ActiveCfg = Debug|Any CPU
		{88281D96-6020-4381-97D2-5666DD27EB63}.Debug|Any CPU.Build.0 = Debug|Any CPU
		{88281D96-6020-4381-97D2-5666DD27EB63}.Release|Any CPU.ActiveCfg = Release|Any CPU
		{88281D96-6020-4381-97D2-5666DD27EB63}.Release|Any CPU.Build.0 = Release|Any CPU
	EndGlobalSection
	GlobalSection(SolutionProperties) = preSolution
		HideSolutionNode = FALSE
	EndGlobalSection
	GlobalSection(NestedProjects) = preSolution
		{49782483-4569-45C8-A5DC-B996E1AC8EA6} = {66116C17-D5FE-461A-B911-CBC75FBA00E6}
		{66116C17-D5FE-461A-B911-CBC75FBA00E6} = {3302B6B7-B681-409C-B907-243996A3F43E}
		{A55E8EC8-3D0E-437B-8593-B544898165DD} = {66116C17-D5FE-461A-B911-CBC75FBA00E6}
		{2194CAD6-6B6A-415F-AD07-06C17E369E4E} = {66116C17-D5FE-461A-B911-CBC75FBA00E6}
		{0CA02300-5E14-4052-9A39-F4EF54CADE99} = {66116C17-D5FE-461A-B911-CBC75FBA00E6}
		{72186A8B-6AAD-4EC7-88C7-FF52B89A67B5} = {66116C17-D5FE-461A-B911-CBC75FBA00E6}
		{248A2D7A-6D2D-4D85-BDA2-B49497C2CC0D} = {66116C17-D5FE-461A-B911-CBC75FBA00E6}
		{74547908-B54A-4ACA-9D28-4D43F08459A5} = {66116C17-D5FE-461A-B911-CBC75FBA00E6}
		{86B7B482-E713-4A62-AA77-A6C2DF2883A9} = {66116C17-D5FE-461A-B911-CBC75FBA00E6}
		{88281D96-6020-4381-97D2-5666DD27EB63} = {66116C17-D5FE-461A-B911-CBC75FBA00E6}
	EndGlobalSection
	GlobalSection(ExtensibilityGlobals) = postSolution
		SolutionGuid = {7E923F65-37FD-4490-B84F-B6608B3B79BC}
	EndGlobalSection
EndGlobal
