
Microsoft Visual Studio Solution File, Format Version 12.00
# Visual Studio Version 17
VisualStudioVersion = 17.0.31919.166
MinimumVisualStudioVersion = 10.0.40219.1
Project("{9A19103F-16F7-4668-BE54-9A1E7A4F7556}") = "Ejercicio01", "EjerciciosResueltos\Ejercicio01.csproj", "{49782483-4569-45C8-A5DC-B996E1AC8EA6}"
EndProject
Project("{2150E333-8FDC-42A3-9474-1A3956D46DE8}") = "Ejercicios", "Ejercicios", "{3302B6B7-B681-409C-B907-243996A3F43E}"
EndProject
Project("{2150E333-8FDC-42A3-9474-1A3956D46DE8}") = "01 Introduccion", "01 Introduccion", "{66116C17-D5FE-461A-B911-CBC75FBA00E6}"
EndProject
Project("{9A19103F-16F7-4668-BE54-9A1E7A4F7556}") = "Ejercicio02", "Ejercicio02\Ejercicio02.csproj", "{A55E8EC8-3D0E-437B-8593-B544898165DD}"
EndProject
Project("{9A19103F-16F7-4668-BE54-9A1E7A4F7556}") = "Ejercicio03", "Ejercicio03\Ejercicio03.csproj", "{2194CAD6-6B6A-415F-AD07-06C17E369E4E}"
EndProject
Project("{9A19103F-16F7-4668-BE54-9A1E7A4F7556}") = "Ejercicio04", "Ejercicio04\Ejercicio04.csproj", "{0CA02300-5E14-4052-9A39-F4EF54CADE99}"
EndProject
Project("{9A19103F-16F7-4668-BE54-9A1E7A4F7556}") = "Ejercicio05", "Ejercicio05\Ejercicio05.csproj", "{72186A8B-6AAD-4EC7-88C7-FF52B89A67B5}"
EndProject
Project("{9A19103F-16F7-4668-BE54-9A1E7A4F7556}") = "Ejercicio06", "Ejercicio06\Ejercicio06.csproj", "{248A2D7A-6D2D-4D85-BDA2-B49497C2CC0D}"
EndProject
Project("{9A19103F-16F7-4668-BE54-9A1E7A4F7556}") = "Ejercicio07", "Ejercicio07\Ejercicio07.csproj", "{74547908-B54A-4ACA-9D28-4D43F08459A5}"
EndProject
Project("{9A19103F-16F7-4668-BE54-9A1E7A4F7556}") = "Ejercicio08", "Ejercicio08\Ejercicio08.csproj", "{86B7B482-E713-4A62-AA77-A6C2DF2883A9}"
EndProject
Project("{9A19103F-16F7-4668-BE54-9A1E7A4F7556}") = "Ejercicio09", "Ejercicio09\Ejercicio09.csproj", "{88281D96-6020-4381-97D2-5666DD27EB63}"
EndProject
Project("{2150E333-8FDC-42A3-9474-1A3956D46DE8}") = "02 Clases y metodos estaticos", "02 Clases y metodos estaticos", "{27629DE9-BAEF-482F-ADD9-BA83ABECFD85}"
EndProject
Project("{9A19103F-16F7-4668-BE54-9A1E7A4F7556}") = "Ejercicio01-2", "Ejercicio01\Ejercicio01-2.csproj", "{01F7DE95-A8CD-45FE-86E2-3EE082DC0437}"
EndProject
Project("{9A19103F-16F7-4668-BE54-9A1E7A4F7556}") = "Ejercicio02-2", "Ejercicio02s\Ejercicio02-2.csproj", "{C4E1E7B7-2A77-4E64-9B8E-6A9E1ECC3362}"
EndProject
Project("{9A19103F-16F7-4668-BE54-9A1E7A4F7556}") = "BibliotecaDeClases", "ClassLibrary1\BibliotecaDeClases.csproj", "{FAA3A77A-2744-4D03-8EE1-CD6A296F3228}"
EndProject
Project("{9A19103F-16F7-4668-BE54-9A1E7A4F7556}") = "Ejercicio03-2", "Ejercicio032\Ejercicio03-2.csproj", "{EF3D5D89-D7D6-40B0-B9C0-E847A1B0CD59}"
EndProject
Project("{9A19103F-16F7-4668-BE54-9A1E7A4F7556}") = "Ejercicio04-2", "Ejercicio04-2\Ejercicio04-2.csproj", "{C9ABFAFA-73BC-4837-B2DF-240DCB590E0B}"
EndProject
Project("{9A19103F-16F7-4668-BE54-9A1E7A4F7556}") = "Ejercicio05-2", "Ejercicio05-2\Ejercicio05-2.csproj", "{E70DF0E0-D2DC-4949-9B6A-D9A9BA330B91}"
EndProject
Project("{9A19103F-16F7-4668-BE54-9A1E7A4F7556}") = "Ejercicio06-2", "Ejercicio06-2\Ejercicio06-2.csproj", "{D01DFEFB-D412-42EC-8E7A-3F8EE0113FBD}"
EndProject
Project("{9A19103F-16F7-4668-BE54-9A1E7A4F7556}") = "Ejercicio07-2", "Ejercicio07-2\Ejercicio07-2.csproj", "{3979845B-D33B-41AA-A7EF-EACA3AE78CA8}"
EndProject
Project("{9A19103F-16F7-4668-BE54-9A1E7A4F7556}") = "Ejercicio08-2", "Ejercicio08-2\Ejercicio08-2.csproj", "{16945B7A-720E-4A9A-8DBC-2C61BB5B616F}"
EndProject
Project("{FAE04EC0-301F-11D3-BF4B-00C04F79EFBC}") = "Ejercicio09-2", "Ejercicio09-2\Ejercicio09-2.csproj", "{877BC5E9-431C-4E81-8DD0-949C688ED5A1}"
EndProject
Global
	GlobalSection(SolutionConfigurationPlatforms) = preSolution
		Debug|Any CPU = Debug|Any CPU
		Release|Any CPU = Release|Any CPU
	EndGlobalSection
	GlobalSection(ProjectConfigurationPlatforms) = postSolution
		{49782483-4569-45C8-A5DC-B996E1AC8EA6}.Debug|Any CPU.ActiveCfg = Debug|Any CPU
		{49782483-4569-45C8-A5DC-B996E1AC8EA6}.Debug|Any CPU.Build.0 = Debug|Any CPU
		{49782483-4569-45C8-A5DC-B996E1AC8EA6}.Release|Any CPU.ActiveCfg = Release|Any CPU
		{49782483-4569-45C8-A5DC-B996E1AC8EA6}.Release|Any CPU.Build.0 = Release|Any CPU
		{A55E8EC8-3D0E-437B-8593-B544898165DD}.Debug|Any CPU.ActiveCfg = Debug|Any CPU
		{A55E8EC8-3D0E-437B-8593-B544898165DD}.Debug|Any CPU.Build.0 = Debug|Any CPU
		{A55E8EC8-3D0E-437B-8593-B544898165DD}.Release|Any CPU.ActiveCfg = Release|Any CPU
		{A55E8EC8-3D0E-437B-8593-B544898165DD}.Release|Any CPU.Build.0 = Release|Any CPU
		{2194CAD6-6B6A-415F-AD07-06C17E369E4E}.Debug|Any CPU.ActiveCfg = Debug|Any CPU
		{2194CAD6-6B6A-415F-AD07-06C17E369E4E}.Debug|Any CPU.Build.0 = Debug|Any CPU
		{2194CAD6-6B6A-415F-AD07-06C17E369E4E}.Release|Any CPU.ActiveCfg = Release|Any CPU
		{2194CAD6-6B6A-415F-AD07-06C17E369E4E}.Release|Any CPU.Build.0 = Release|Any CPU
		{0CA02300-5E14-4052-9A39-F4EF54CADE99}.Debug|Any CPU.ActiveCfg = Debug|Any CPU
		{0CA02300-5E14-4052-9A39-F4EF54CADE99}.Debug|Any CPU.Build.0 = Debug|Any CPU
		{0CA02300-5E14-4052-9A39-F4EF54CADE99}.Release|Any CPU.ActiveCfg = Release|Any CPU
		{0CA02300-5E14-4052-9A39-F4EF54CADE99}.Release|Any CPU.Build.0 = Release|Any CPU
		{72186A8B-6AAD-4EC7-88C7-FF52B89A67B5}.Debug|Any CPU.ActiveCfg = Debug|Any CPU
		{72186A8B-6AAD-4EC7-88C7-FF52B89A67B5}.Debug|Any CPU.Build.0 = Debug|Any CPU
		{72186A8B-6AAD-4EC7-88C7-FF52B89A67B5}.Release|Any CPU.ActiveCfg = Release|Any CPU
		{72186A8B-6AAD-4EC7-88C7-FF52B89A67B5}.Release|Any CPU.Build.0 = Release|Any CPU
		{248A2D7A-6D2D-4D85-BDA2-B49497C2CC0D}.Debug|Any CPU.ActiveCfg = Debug|Any CPU
		{248A2D7A-6D2D-4D85-BDA2-B49497C2CC0D}.Debug|Any CPU.Build.0 = Debug|Any CPU
		{248A2D7A-6D2D-4D85-BDA2-B49497C2CC0D}.Release|Any CPU.ActiveCfg = Release|Any CPU
		{248A2D7A-6D2D-4D85-BDA2-B49497C2CC0D}.Release|Any CPU.Build.0 = Release|Any CPU
		{74547908-B54A-4ACA-9D28-4D43F08459A5}.Debug|Any CPU.ActiveCfg = Debug|Any CPU
		{74547908-B54A-4ACA-9D28-4D43F08459A5}.Debug|Any CPU.Build.0 = Debug|Any CPU
		{74547908-B54A-4ACA-9D28-4D43F08459A5}.Release|Any CPU.ActiveCfg = Release|Any CPU
		{74547908-B54A-4ACA-9D28-4D43F08459A5}.Release|Any CPU.Build.0 = Release|Any CPU
		{86B7B482-E713-4A62-AA77-A6C2DF2883A9}.Debug|Any CPU.ActiveCfg = Debug|Any CPU
		{86B7B482-E713-4A62-AA77-A6C2DF2883A9}.Debug|Any CPU.Build.0 = Debug|Any CPU
		{86B7B482-E713-4A62-AA77-A6C2DF2883A9}.Release|Any CPU.ActiveCfg = Release|Any CPU
		{86B7B482-E713-4A62-AA77-A6C2DF2883A9}.Release|Any CPU.Build.0 = Release|Any CPU
		{88281D96-6020-4381-97D2-5666DD27EB63}.Debug|Any CPU.ActiveCfg = Debug|Any CPU
		{88281D96-6020-4381-97D2-5666DD27EB63}.Debug|Any CPU.Build.0 = Debug|Any CPU
		{88281D96-6020-4381-97D2-5666DD27EB63}.Release|Any CPU.ActiveCfg = Release|Any CPU
		{88281D96-6020-4381-97D2-5666DD27EB63}.Release|Any CPU.Build.0 = Release|Any CPU
		{01F7DE95-A8CD-45FE-86E2-3EE082DC0437}.Debug|Any CPU.ActiveCfg = Debug|Any CPU
		{01F7DE95-A8CD-45FE-86E2-3EE082DC0437}.Debug|Any CPU.Build.0 = Debug|Any CPU
		{01F7DE95-A8CD-45FE-86E2-3EE082DC0437}.Release|Any CPU.ActiveCfg = Release|Any CPU
		{01F7DE95-A8CD-45FE-86E2-3EE082DC0437}.Release|Any CPU.Build.0 = Release|Any CPU
		{C4E1E7B7-2A77-4E64-9B8E-6A9E1ECC3362}.Debug|Any CPU.ActiveCfg = Debug|Any CPU
		{C4E1E7B7-2A77-4E64-9B8E-6A9E1ECC3362}.Debug|Any CPU.Build.0 = Debug|Any CPU
		{C4E1E7B7-2A77-4E64-9B8E-6A9E1ECC3362}.Release|Any CPU.ActiveCfg = Release|Any CPU
		{C4E1E7B7-2A77-4E64-9B8E-6A9E1ECC3362}.Release|Any CPU.Build.0 = Release|Any CPU
		{FAA3A77A-2744-4D03-8EE1-CD6A296F3228}.Debug|Any CPU.ActiveCfg = Debug|Any CPU
		{FAA3A77A-2744-4D03-8EE1-CD6A296F3228}.Debug|Any CPU.Build.0 = Debug|Any CPU
		{FAA3A77A-2744-4D03-8EE1-CD6A296F3228}.Release|Any CPU.ActiveCfg = Release|Any CPU
		{FAA3A77A-2744-4D03-8EE1-CD6A296F3228}.Release|Any CPU.Build.0 = Release|Any CPU
		{EF3D5D89-D7D6-40B0-B9C0-E847A1B0CD59}.Debug|Any CPU.ActiveCfg = Debug|Any CPU
		{EF3D5D89-D7D6-40B0-B9C0-E847A1B0CD59}.Debug|Any CPU.Build.0 = Debug|Any CPU
		{EF3D5D89-D7D6-40B0-B9C0-E847A1B0CD59}.Release|Any CPU.ActiveCfg = Release|Any CPU
		{EF3D5D89-D7D6-40B0-B9C0-E847A1B0CD59}.Release|Any CPU.Build.0 = Release|Any CPU
		{C9ABFAFA-73BC-4837-B2DF-240DCB590E0B}.Debug|Any CPU.ActiveCfg = Debug|Any CPU
		{C9ABFAFA-73BC-4837-B2DF-240DCB590E0B}.Debug|Any CPU.Build.0 = Debug|Any CPU
		{C9ABFAFA-73BC-4837-B2DF-240DCB590E0B}.Release|Any CPU.ActiveCfg = Release|Any CPU
		{C9ABFAFA-73BC-4837-B2DF-240DCB590E0B}.Release|Any CPU.Build.0 = Release|Any CPU
		{E70DF0E0-D2DC-4949-9B6A-D9A9BA330B91}.Debug|Any CPU.ActiveCfg = Debug|Any CPU
		{E70DF0E0-D2DC-4949-9B6A-D9A9BA330B91}.Debug|Any CPU.Build.0 = Debug|Any CPU
		{E70DF0E0-D2DC-4949-9B6A-D9A9BA330B91}.Release|Any CPU.ActiveCfg = Release|Any CPU
		{E70DF0E0-D2DC-4949-9B6A-D9A9BA330B91}.Release|Any CPU.Build.0 = Release|Any CPU
		{D01DFEFB-D412-42EC-8E7A-3F8EE0113FBD}.Debug|Any CPU.ActiveCfg = Debug|Any CPU
		{D01DFEFB-D412-42EC-8E7A-3F8EE0113FBD}.Debug|Any CPU.Build.0 = Debug|Any CPU
		{D01DFEFB-D412-42EC-8E7A-3F8EE0113FBD}.Release|Any CPU.ActiveCfg = Release|Any CPU
		{D01DFEFB-D412-42EC-8E7A-3F8EE0113FBD}.Release|Any CPU.Build.0 = Release|Any CPU
		{3979845B-D33B-41AA-A7EF-EACA3AE78CA8}.Debug|Any CPU.ActiveCfg = Debug|Any CPU
		{3979845B-D33B-41AA-A7EF-EACA3AE78CA8}.Debug|Any CPU.Build.0 = Debug|Any CPU
		{3979845B-D33B-41AA-A7EF-EACA3AE78CA8}.Release|Any CPU.ActiveCfg = Release|Any CPU
		{3979845B-D33B-41AA-A7EF-EACA3AE78CA8}.Release|Any CPU.Build.0 = Release|Any CPU
		{16945B7A-720E-4A9A-8DBC-2C61BB5B616F}.Debug|Any CPU.ActiveCfg = Debug|Any CPU
		{16945B7A-720E-4A9A-8DBC-2C61BB5B616F}.Debug|Any CPU.Build.0 = Debug|Any CPU
		{16945B7A-720E-4A9A-8DBC-2C61BB5B616F}.Release|Any CPU.ActiveCfg = Release|Any CPU
		{16945B7A-720E-4A9A-8DBC-2C61BB5B616F}.Release|Any CPU.Build.0 = Release|Any CPU
		{877BC5E9-431C-4E81-8DD0-949C688ED5A1}.Debug|Any CPU.ActiveCfg = Debug|Any CPU
		{877BC5E9-431C-4E81-8DD0-949C688ED5A1}.Debug|Any CPU.Build.0 = Debug|Any CPU
		{877BC5E9-431C-4E81-8DD0-949C688ED5A1}.Release|Any CPU.ActiveCfg = Release|Any CPU
		{877BC5E9-431C-4E81-8DD0-949C688ED5A1}.Release|Any CPU.Build.0 = Release|Any CPU
	EndGlobalSection
	GlobalSection(SolutionProperties) = preSolution
		HideSolutionNode = FALSE
	EndGlobalSection
	GlobalSection(NestedProjects) = preSolution
		{49782483-4569-45C8-A5DC-B996E1AC8EA6} = {66116C17-D5FE-461A-B911-CBC75FBA00E6}
		{66116C17-D5FE-461A-B911-CBC75FBA00E6} = {3302B6B7-B681-409C-B907-243996A3F43E}
		{A55E8EC8-3D0E-437B-8593-B544898165DD} = {66116C17-D5FE-461A-B911-CBC75FBA00E6}
		{2194CAD6-6B6A-415F-AD07-06C17E369E4E} = {66116C17-D5FE-461A-B911-CBC75FBA00E6}
		{0CA02300-5E14-4052-9A39-F4EF54CADE99} = {66116C17-D5FE-461A-B911-CBC75FBA00E6}
		{72186A8B-6AAD-4EC7-88C7-FF52B89A67B5} = {66116C17-D5FE-461A-B911-CBC75FBA00E6}
		{248A2D7A-6D2D-4D85-BDA2-B49497C2CC0D} = {66116C17-D5FE-461A-B911-CBC75FBA00E6}
		{74547908-B54A-4ACA-9D28-4D43F08459A5} = {66116C17-D5FE-461A-B911-CBC75FBA00E6}
		{86B7B482-E713-4A62-AA77-A6C2DF2883A9} = {66116C17-D5FE-461A-B911-CBC75FBA00E6}
		{88281D96-6020-4381-97D2-5666DD27EB63} = {66116C17-D5FE-461A-B911-CBC75FBA00E6}
		{27629DE9-BAEF-482F-ADD9-BA83ABECFD85} = {3302B6B7-B681-409C-B907-243996A3F43E}
		{01F7DE95-A8CD-45FE-86E2-3EE082DC0437} = {27629DE9-BAEF-482F-ADD9-BA83ABECFD85}
		{C4E1E7B7-2A77-4E64-9B8E-6A9E1ECC3362} = {27629DE9-BAEF-482F-ADD9-BA83ABECFD85}
		{EF3D5D89-D7D6-40B0-B9C0-E847A1B0CD59} = {27629DE9-BAEF-482F-ADD9-BA83ABECFD85}
		{C9ABFAFA-73BC-4837-B2DF-240DCB590E0B} = {27629DE9-BAEF-482F-ADD9-BA83ABECFD85}
		{E70DF0E0-D2DC-4949-9B6A-D9A9BA330B91} = {27629DE9-BAEF-482F-ADD9-BA83ABECFD85}
		{D01DFEFB-D412-42EC-8E7A-3F8EE0113FBD} = {27629DE9-BAEF-482F-ADD9-BA83ABECFD85}
		{3979845B-D33B-41AA-A7EF-EACA3AE78CA8} = {27629DE9-BAEF-482F-ADD9-BA83ABECFD85}
		{16945B7A-720E-4A9A-8DBC-2C61BB5B616F} = {27629DE9-BAEF-482F-ADD9-BA83ABECFD85}
		{877BC5E9-431C-4E81-8DD0-949C688ED5A1} = {27629DE9-BAEF-482F-ADD9-BA83ABECFD85}
	EndGlobalSection
	GlobalSection(ExtensibilityGlobals) = postSolution
		SolutionGuid = {7E923F65-37FD-4490-B84F-B6608B3B79BC}
	EndGlobalSection
EndGlobal
